
Microsoft Visual Studio Solution File, Format Version 12.00
# Visual Studio Version 17
VisualStudioVersion = 17.8.33030.308
MinimumVisualStudioVersion = 10.0.40219.1
Project("{FAE04EC0-301F-11D3-BF4B-00C04F79EFBC}") = "StateBallot.Core", "src\StateBallot.Core\StateBallot.Core.csproj", "{3B4F9E2A-8C1F-4D2B-9B2A-6C1F4A3B2E01}"
EndProject
Project("{FAE04EC0-301F-11D3-BF4B-00C04F79EFBC}") = "StateBallot.Cli", "src\StateBallot.Cli\StateBallot.Cli.csproj", "{5D6A7B8C-9E0F-4A3B-8C2D-7E8F9A0B1C02}"
EndProject
Project("{FAE04EC0-301F-11D3-BF4B-00C04F79EFBC}") = "StateBallot.States.Wa", "src\StateBallot.States.Wa\StateBallot.States.Wa.csproj", "{1F2E3D4C-5B6A-4C3D-9E8F-0A1B2C3D4E03}"
EndProject
Project("{FAE04EC0-301F-11D3-BF4B-00C04F79EFBC}") = "StateBallot.States.Ca", "src\StateBallot.States.Ca\StateBallot.States.Ca.csproj", "{7A8B9C0D-1E2F-4B3A-8D4C-5E6F7A8B9C04}"
EndProject
Project("{FAE04EC0-301F-11D3-BF4B-00C04F79EFBC}") = "StateBallot.States.Tx", "src\StateBallot.States.Tx\StateBallot.States.Tx.csproj", "{62327680-FB67-4B69-8803-BECB5BFCFEC7}"
EndProject
Project("{FAE04EC0-301F-11D3-BF4B-00C04F79EFBC}") = "StateBallot.States.Wv", "src\StateBallot.States.Wv\StateBallot.States.Wv.csproj", "{A528161A-7A4C-40B5-8117-F409689C621A}"
EndProject
Project("{FAE04EC0-301F-11D3-BF4B-00C04F79EFBC}") = "StateBallot.States.Tx.Tests", "src\StateBallot.States.Tx.Tests\StateBallot.States.Tx.Tests.csproj", "{CB24D196-5B12-440A-93BD-4BE866C76904}"
EndProject
Project("{FAE04EC0-301F-11D3-BF4B-00C04F79EFBC}") = "StateBallot.States.Wv.Tests", "src\StateBallot.States.Wv.Tests\StateBallot.States.Wv.Tests.csproj", "{66C4A416-29D1-402E-93D9-561DA5D9BBB3}"
EndProject
Project("{2150E333-8FDC-42A3-9474-1A3956D46DE8}") = "src", "src", "{827E0CD3-B72D-47B6-A68D-7590B98EB39B}"
EndProject
Project("{FAE04EC0-301F-11D3-BF4B-00C04F79EFBC}") = "StateBallot.States.Wa.Tests", "src\StateBallot.States.Wa.Tests\StateBallot.States.Wa.Tests.csproj", "{E3484D93-4E38-4437-92CA-32FD069BF06E}"
EndProject
Project("{FAE04EC0-301F-11D3-BF4B-00C04F79EFBC}") = "StateBallot.States.Ca.Tests", "src\StateBallot.States.Ca.Tests\StateBallot.States.Ca.Tests.csproj", "{EF0E0B0C-0C21-4CE1-8C68-F21DB22B5371}"
EndProject
Project("{FAE04EC0-301F-11D3-BF4B-00C04F79EFBC}") = "StateBallot.Core.Tests", "src\StateBallot.Core.Tests\StateBallot.Core.Tests.csproj", "{6F3FF720-FD58-4D12-8588-B66D3877B963}"
EndProject
Project("{FAE04EC0-301F-11D3-BF4B-00C04F79EFBC}") = "StateBallot.States.Md", "src\StateBallot.States.Md\StateBallot.States.Md.csproj", "{0656CDAA-5E9E-48B8-99B6-00CD626CB02F}"
EndProject
Project("{FAE04EC0-301F-11D3-BF4B-00C04F79EFBC}") = "StateBallot.States.Md.Tests", "src\StateBallot.States.Md.Tests\StateBallot.States.Md.Tests.csproj", "{8670E41E-7495-4438-B463-E2F2A5042511}"
EndProject
Project("{FAE04EC0-301F-11D3-BF4B-00C04F79EFBC}") = "StateBallot.States.Nc", "src\StateBallot.States.Nc\StateBallot.States.Nc.csproj", "{AFDD95FE-1497-42CD-B662-613F54D5ABD7}"
EndProject
Project("{FAE04EC0-301F-11D3-BF4B-00C04F79EFBC}") = "StateBallot.States.Nc.Tests", "src\StateBallot.States.Nc.Tests\StateBallot.States.Nc.Tests.csproj", "{99899B22-A142-4805-B4E7-738934D23C85}"
EndProject
Project("{FAE04EC0-301F-11D3-BF4B-00C04F79EFBC}") = "StateBallot.States.Wy", "src\StateBallot.States.Wy\StateBallot.States.Wy.csproj", "{0280C4A5-A206-45C8-8BC5-CC5D5DDB3403}"
EndProject
Project("{FAE04EC0-301F-11D3-BF4B-00C04F79EFBC}") = "StateBallot.States.Wy.Tests", "src\StateBallot.States.Wy.Tests\StateBallot.States.Wy.Tests.csproj", "{5C1A2071-373A-41B2-B66D-FFBE677F332C}"
EndProject
Project("{FAE04EC0-301F-11D3-BF4B-00C04F79EFBC}") = "StateBallot.States.Hi", "src\StateBallot.States.Hi\StateBallot.States.Hi.csproj", "{BF5DB78B-92B7-4141-9F2E-19BEE8A4C3B0}"
EndProject
Project("{FAE04EC0-301F-11D3-BF4B-00C04F79EFBC}") = "StateBallot.States.Hi.Tests", "src\StateBallot.States.Hi.Tests\StateBallot.States.Hi.Tests.csproj", "{3BEF1F9B-4436-4F71-89D9-B7DC81213C84}"
EndProject
Global
	GlobalSection(SolutionConfigurationPlatforms) = preSolution
		Debug|Any CPU = Debug|Any CPU
		Debug|x64 = Debug|x64
		Debug|x86 = Debug|x86
		Release|Any CPU = Release|Any CPU
		Release|x64 = Release|x64
		Release|x86 = Release|x86
	EndGlobalSection
	GlobalSection(ProjectConfigurationPlatforms) = postSolution
		{3B4F9E2A-8C1F-4D2B-9B2A-6C1F4A3B2E01}.Debug|Any CPU.ActiveCfg = Debug|Any CPU
		{3B4F9E2A-8C1F-4D2B-9B2A-6C1F4A3B2E01}.Debug|Any CPU.Build.0 = Debug|Any CPU
		{3B4F9E2A-8C1F-4D2B-9B2A-6C1F4A3B2E01}.Debug|x64.ActiveCfg = Debug|Any CPU
		{3B4F9E2A-8C1F-4D2B-9B2A-6C1F4A3B2E01}.Debug|x64.Build.0 = Debug|Any CPU
		{3B4F9E2A-8C1F-4D2B-9B2A-6C1F4A3B2E01}.Debug|x86.ActiveCfg = Debug|Any CPU
		{3B4F9E2A-8C1F-4D2B-9B2A-6C1F4A3B2E01}.Debug|x86.Build.0 = Debug|Any CPU
		{3B4F9E2A-8C1F-4D2B-9B2A-6C1F4A3B2E01}.Release|Any CPU.ActiveCfg = Release|Any CPU
		{3B4F9E2A-8C1F-4D2B-9B2A-6C1F4A3B2E01}.Release|Any CPU.Build.0 = Release|Any CPU
		{3B4F9E2A-8C1F-4D2B-9B2A-6C1F4A3B2E01}.Release|x64.ActiveCfg = Release|Any CPU
		{3B4F9E2A-8C1F-4D2B-9B2A-6C1F4A3B2E01}.Release|x64.Build.0 = Release|Any CPU
		{3B4F9E2A-8C1F-4D2B-9B2A-6C1F4A3B2E01}.Release|x86.ActiveCfg = Release|Any CPU
		{3B4F9E2A-8C1F-4D2B-9B2A-6C1F4A3B2E01}.Release|x86.Build.0 = Release|Any CPU
		{5D6A7B8C-9E0F-4A3B-8C2D-7E8F9A0B1C02}.Debug|Any CPU.ActiveCfg = Debug|Any CPU
		{5D6A7B8C-9E0F-4A3B-8C2D-7E8F9A0B1C02}.Debug|Any CPU.Build.0 = Debug|Any CPU
		{5D6A7B8C-9E0F-4A3B-8C2D-7E8F9A0B1C02}.Debug|x64.ActiveCfg = Debug|Any CPU
		{5D6A7B8C-9E0F-4A3B-8C2D-7E8F9A0B1C02}.Debug|x64.Build.0 = Debug|Any CPU
		{5D6A7B8C-9E0F-4A3B-8C2D-7E8F9A0B1C02}.Debug|x86.ActiveCfg = Debug|Any CPU
		{5D6A7B8C-9E0F-4A3B-8C2D-7E8F9A0B1C02}.Debug|x86.Build.0 = Debug|Any CPU
		{5D6A7B8C-9E0F-4A3B-8C2D-7E8F9A0B1C02}.Release|Any CPU.ActiveCfg = Release|Any CPU
		{5D6A7B8C-9E0F-4A3B-8C2D-7E8F9A0B1C02}.Release|Any CPU.Build.0 = Release|Any CPU
		{5D6A7B8C-9E0F-4A3B-8C2D-7E8F9A0B1C02}.Release|x64.ActiveCfg = Release|Any CPU
		{5D6A7B8C-9E0F-4A3B-8C2D-7E8F9A0B1C02}.Release|x64.Build.0 = Release|Any CPU
		{5D6A7B8C-9E0F-4A3B-8C2D-7E8F9A0B1C02}.Release|x86.ActiveCfg = Release|Any CPU
		{5D6A7B8C-9E0F-4A3B-8C2D-7E8F9A0B1C02}.Release|x86.Build.0 = Release|Any CPU
		{1F2E3D4C-5B6A-4C3D-9E8F-0A1B2C3D4E03}.Debug|Any CPU.ActiveCfg = Debug|Any CPU
		{1F2E3D4C-5B6A-4C3D-9E8F-0A1B2C3D4E03}.Debug|Any CPU.Build.0 = Debug|Any CPU
		{1F2E3D4C-5B6A-4C3D-9E8F-0A1B2C3D4E03}.Debug|x64.ActiveCfg = Debug|Any CPU
		{1F2E3D4C-5B6A-4C3D-9E8F-0A1B2C3D4E03}.Debug|x64.Build.0 = Debug|Any CPU
		{1F2E3D4C-5B6A-4C3D-9E8F-0A1B2C3D4E03}.Debug|x86.ActiveCfg = Debug|Any CPU
		{1F2E3D4C-5B6A-4C3D-9E8F-0A1B2C3D4E03}.Debug|x86.Build.0 = Debug|Any CPU
		{1F2E3D4C-5B6A-4C3D-9E8F-0A1B2C3D4E03}.Release|Any CPU.ActiveCfg = Release|Any CPU
		{1F2E3D4C-5B6A-4C3D-9E8F-0A1B2C3D4E03}.Release|Any CPU.Build.0 = Release|Any CPU
		{1F2E3D4C-5B6A-4C3D-9E8F-0A1B2C3D4E03}.Release|x64.ActiveCfg = Release|Any CPU
		{1F2E3D4C-5B6A-4C3D-9E8F-0A1B2C3D4E03}.Release|x64.Build.0 = Release|Any CPU
		{1F2E3D4C-5B6A-4C3D-9E8F-0A1B2C3D4E03}.Release|x86.ActiveCfg = Release|Any CPU
		{1F2E3D4C-5B6A-4C3D-9E8F-0A1B2C3D4E03}.Release|x86.Build.0 = Release|Any CPU
		{7A8B9C0D-1E2F-4B3A-8D4C-5E6F7A8B9C04}.Debug|Any CPU.ActiveCfg = Debug|Any CPU
		{7A8B9C0D-1E2F-4B3A-8D4C-5E6F7A8B9C04}.Debug|Any CPU.Build.0 = Debug|Any CPU
		{7A8B9C0D-1E2F-4B3A-8D4C-5E6F7A8B9C04}.Debug|x64.ActiveCfg = Debug|Any CPU
		{7A8B9C0D-1E2F-4B3A-8D4C-5E6F7A8B9C04}.Debug|x64.Build.0 = Debug|Any CPU
		{7A8B9C0D-1E2F-4B3A-8D4C-5E6F7A8B9C04}.Debug|x86.ActiveCfg = Debug|Any CPU
		{7A8B9C0D-1E2F-4B3A-8D4C-5E6F7A8B9C04}.Debug|x86.Build.0 = Debug|Any CPU
		{7A8B9C0D-1E2F-4B3A-8D4C-5E6F7A8B9C04}.Release|Any CPU.ActiveCfg = Release|Any CPU
		{7A8B9C0D-1E2F-4B3A-8D4C-5E6F7A8B9C04}.Release|Any CPU.Build.0 = Release|Any CPU
		{7A8B9C0D-1E2F-4B3A-8D4C-5E6F7A8B9C04}.Release|x64.ActiveCfg = Release|Any CPU
		{7A8B9C0D-1E2F-4B3A-8D4C-5E6F7A8B9C04}.Release|x64.Build.0 = Release|Any CPU
		{7A8B9C0D-1E2F-4B3A-8D4C-5E6F7A8B9C04}.Release|x86.ActiveCfg = Release|Any CPU
		{7A8B9C0D-1E2F-4B3A-8D4C-5E6F7A8B9C04}.Release|x86.Build.0 = Release|Any CPU
		{62327680-FB67-4B69-8803-BECB5BFCFEC7}.Debug|Any CPU.ActiveCfg = Debug|Any CPU
		{62327680-FB67-4B69-8803-BECB5BFCFEC7}.Debug|Any CPU.Build.0 = Debug|Any CPU
		{62327680-FB67-4B69-8803-BECB5BFCFEC7}.Debug|x64.ActiveCfg = Debug|Any CPU
		{62327680-FB67-4B69-8803-BECB5BFCFEC7}.Debug|x64.Build.0 = Debug|Any CPU
		{62327680-FB67-4B69-8803-BECB5BFCFEC7}.Debug|x86.ActiveCfg = Debug|Any CPU
		{62327680-FB67-4B69-8803-BECB5BFCFEC7}.Debug|x86.Build.0 = Debug|Any CPU
		{62327680-FB67-4B69-8803-BECB5BFCFEC7}.Release|Any CPU.ActiveCfg = Release|Any CPU
		{62327680-FB67-4B69-8803-BECB5BFCFEC7}.Release|Any CPU.Build.0 = Release|Any CPU
		{62327680-FB67-4B69-8803-BECB5BFCFEC7}.Release|x64.ActiveCfg = Release|Any CPU
		{62327680-FB67-4B69-8803-BECB5BFCFEC7}.Release|x64.Build.0 = Release|Any CPU
		{62327680-FB67-4B69-8803-BECB5BFCFEC7}.Release|x86.ActiveCfg = Release|Any CPU
		{62327680-FB67-4B69-8803-BECB5BFCFEC7}.Release|x86.Build.0 = Release|Any CPU
		{A528161A-7A4C-40B5-8117-F409689C621A}.Debug|Any CPU.ActiveCfg = Debug|Any CPU
		{A528161A-7A4C-40B5-8117-F409689C621A}.Debug|Any CPU.Build.0 = Debug|Any CPU
		{A528161A-7A4C-40B5-8117-F409689C621A}.Debug|x64.ActiveCfg = Debug|Any CPU
		{A528161A-7A4C-40B5-8117-F409689C621A}.Debug|x64.Build.0 = Debug|Any CPU
		{A528161A-7A4C-40B5-8117-F409689C621A}.Debug|x86.ActiveCfg = Debug|Any CPU
		{A528161A-7A4C-40B5-8117-F409689C621A}.Debug|x86.Build.0 = Debug|Any CPU
		{A528161A-7A4C-40B5-8117-F409689C621A}.Release|Any CPU.ActiveCfg = Release|Any CPU
		{A528161A-7A4C-40B5-8117-F409689C621A}.Release|Any CPU.Build.0 = Release|Any CPU
		{A528161A-7A4C-40B5-8117-F409689C621A}.Release|x64.ActiveCfg = Release|Any CPU
		{A528161A-7A4C-40B5-8117-F409689C621A}.Release|x64.Build.0 = Release|Any CPU
		{A528161A-7A4C-40B5-8117-F409689C621A}.Release|x86.ActiveCfg = Release|Any CPU
		{A528161A-7A4C-40B5-8117-F409689C621A}.Release|x86.Build.0 = Release|Any CPU
		{CB24D196-5B12-440A-93BD-4BE866C76904}.Debug|Any CPU.ActiveCfg = Debug|Any CPU
		{CB24D196-5B12-440A-93BD-4BE866C76904}.Debug|Any CPU.Build.0 = Debug|Any CPU
		{CB24D196-5B12-440A-93BD-4BE866C76904}.Debug|x64.ActiveCfg = Debug|Any CPU
		{CB24D196-5B12-440A-93BD-4BE866C76904}.Debug|x64.Build.0 = Debug|Any CPU
		{CB24D196-5B12-440A-93BD-4BE866C76904}.Debug|x86.ActiveCfg = Debug|Any CPU
		{CB24D196-5B12-440A-93BD-4BE866C76904}.Debug|x86.Build.0 = Debug|Any CPU
		{CB24D196-5B12-440A-93BD-4BE866C76904}.Release|Any CPU.ActiveCfg = Release|Any CPU
		{CB24D196-5B12-440A-93BD-4BE866C76904}.Release|Any CPU.Build.0 = Release|Any CPU
		{CB24D196-5B12-440A-93BD-4BE866C76904}.Release|x64.ActiveCfg = Release|Any CPU
		{CB24D196-5B12-440A-93BD-4BE866C76904}.Release|x64.Build.0 = Release|Any CPU
		{CB24D196-5B12-440A-93BD-4BE866C76904}.Release|x86.ActiveCfg = Release|Any CPU
		{CB24D196-5B12-440A-93BD-4BE866C76904}.Release|x86.Build.0 = Release|Any CPU
		{66C4A416-29D1-402E-93D9-561DA5D9BBB3}.Debug|Any CPU.ActiveCfg = Debug|Any CPU
		{66C4A416-29D1-402E-93D9-561DA5D9BBB3}.Debug|Any CPU.Build.0 = Debug|Any CPU
		{66C4A416-29D1-402E-93D9-561DA5D9BBB3}.Debug|x64.ActiveCfg = Debug|Any CPU
		{66C4A416-29D1-402E-93D9-561DA5D9BBB3}.Debug|x64.Build.0 = Debug|Any CPU
		{66C4A416-29D1-402E-93D9-561DA5D9BBB3}.Debug|x86.ActiveCfg = Debug|Any CPU
		{66C4A416-29D1-402E-93D9-561DA5D9BBB3}.Debug|x86.Build.0 = Debug|Any CPU
		{66C4A416-29D1-402E-93D9-561DA5D9BBB3}.Release|Any CPU.ActiveCfg = Release|Any CPU
		{66C4A416-29D1-402E-93D9-561DA5D9BBB3}.Release|Any CPU.Build.0 = Release|Any CPU
		{66C4A416-29D1-402E-93D9-561DA5D9BBB3}.Release|x64.ActiveCfg = Release|Any CPU
		{66C4A416-29D1-402E-93D9-561DA5D9BBB3}.Release|x64.Build.0 = Release|Any CPU
		{66C4A416-29D1-402E-93D9-561DA5D9BBB3}.Release|x86.ActiveCfg = Release|Any CPU
		{66C4A416-29D1-402E-93D9-561DA5D9BBB3}.Release|x86.Build.0 = Release|Any CPU
		{E3484D93-4E38-4437-92CA-32FD069BF06E}.Debug|Any CPU.ActiveCfg = Debug|Any CPU
		{E3484D93-4E38-4437-92CA-32FD069BF06E}.Debug|Any CPU.Build.0 = Debug|Any CPU
		{E3484D93-4E38-4437-92CA-32FD069BF06E}.Debug|x64.ActiveCfg = Debug|Any CPU
		{E3484D93-4E38-4437-92CA-32FD069BF06E}.Debug|x64.Build.0 = Debug|Any CPU
		{E3484D93-4E38-4437-92CA-32FD069BF06E}.Debug|x86.ActiveCfg = Debug|Any CPU
		{E3484D93-4E38-4437-92CA-32FD069BF06E}.Debug|x86.Build.0 = Debug|Any CPU
		{E3484D93-4E38-4437-92CA-32FD069BF06E}.Release|Any CPU.ActiveCfg = Release|Any CPU
		{E3484D93-4E38-4437-92CA-32FD069BF06E}.Release|Any CPU.Build.0 = Release|Any CPU
		{E3484D93-4E38-4437-92CA-32FD069BF06E}.Release|x64.ActiveCfg = Release|Any CPU
		{E3484D93-4E38-4437-92CA-32FD069BF06E}.Release|x64.Build.0 = Release|Any CPU
		{E3484D93-4E38-4437-92CA-32FD069BF06E}.Release|x86.ActiveCfg = Release|Any CPU
		{E3484D93-4E38-4437-92CA-32FD069BF06E}.Release|x86.Build.0 = Release|Any CPU
		{EF0E0B0C-0C21-4CE1-8C68-F21DB22B5371}.Debug|Any CPU.ActiveCfg = Debug|Any CPU
		{EF0E0B0C-0C21-4CE1-8C68-F21DB22B5371}.Debug|Any CPU.Build.0 = Debug|Any CPU
		{EF0E0B0C-0C21-4CE1-8C68-F21DB22B5371}.Debug|x64.ActiveCfg = Debug|Any CPU
		{EF0E0B0C-0C21-4CE1-8C68-F21DB22B5371}.Debug|x64.Build.0 = Debug|Any CPU
		{EF0E0B0C-0C21-4CE1-8C68-F21DB22B5371}.Debug|x86.ActiveCfg = Debug|Any CPU
		{EF0E0B0C-0C21-4CE1-8C68-F21DB22B5371}.Debug|x86.Build.0 = Debug|Any CPU
		{EF0E0B0C-0C21-4CE1-8C68-F21DB22B5371}.Release|Any CPU.ActiveCfg = Release|Any CPU
		{EF0E0B0C-0C21-4CE1-8C68-F21DB22B5371}.Release|Any CPU.Build.0 = Release|Any CPU
		{EF0E0B0C-0C21-4CE1-8C68-F21DB22B5371}.Release|x64.ActiveCfg = Release|Any CPU
		{EF0E0B0C-0C21-4CE1-8C68-F21DB22B5371}.Release|x64.Build.0 = Release|Any CPU
		{EF0E0B0C-0C21-4CE1-8C68-F21DB22B5371}.Release|x86.ActiveCfg = Release|Any CPU
		{EF0E0B0C-0C21-4CE1-8C68-F21DB22B5371}.Release|x86.Build.0 = Release|Any CPU
		{6F3FF720-FD58-4D12-8588-B66D3877B963}.Debug|Any CPU.ActiveCfg = Debug|Any CPU
		{6F3FF720-FD58-4D12-8588-B66D3877B963}.Debug|Any CPU.Build.0 = Debug|Any CPU
		{6F3FF720-FD58-4D12-8588-B66D3877B963}.Debug|x64.ActiveCfg = Debug|Any CPU
		{6F3FF720-FD58-4D12-8588-B66D3877B963}.Debug|x64.Build.0 = Debug|Any CPU
		{6F3FF720-FD58-4D12-8588-B66D3877B963}.Debug|x86.ActiveCfg = Debug|Any CPU
		{6F3FF720-FD58-4D12-8588-B66D3877B963}.Debug|x86.Build.0 = Debug|Any CPU
		{6F3FF720-FD58-4D12-8588-B66D3877B963}.Release|Any CPU.ActiveCfg = Release|Any CPU
		{6F3FF720-FD58-4D12-8588-B66D3877B963}.Release|Any CPU.Build.0 = Release|Any CPU
		{6F3FF720-FD58-4D12-8588-B66D3877B963}.Release|x64.ActiveCfg = Release|Any CPU
		{6F3FF720-FD58-4D12-8588-B66D3877B963}.Release|x64.Build.0 = Release|Any CPU
		{6F3FF720-FD58-4D12-8588-B66D3877B963}.Release|x86.ActiveCfg = Release|Any CPU
		{6F3FF720-FD58-4D12-8588-B66D3877B963}.Release|x86.Build.0 = Release|Any CPU
		{0656CDAA-5E9E-48B8-99B6-00CD626CB02F}.Debug|Any CPU.ActiveCfg = Debug|Any CPU
		{0656CDAA-5E9E-48B8-99B6-00CD626CB02F}.Debug|Any CPU.Build.0 = Debug|Any CPU
		{0656CDAA-5E9E-48B8-99B6-00CD626CB02F}.Debug|x64.ActiveCfg = Debug|Any CPU
		{0656CDAA-5E9E-48B8-99B6-00CD626CB02F}.Debug|x64.Build.0 = Debug|Any CPU
		{0656CDAA-5E9E-48B8-99B6-00CD626CB02F}.Debug|x86.ActiveCfg = Debug|Any CPU
		{0656CDAA-5E9E-48B8-99B6-00CD626CB02F}.Debug|x86.Build.0 = Debug|Any CPU
		{0656CDAA-5E9E-48B8-99B6-00CD626CB02F}.Release|Any CPU.ActiveCfg = Release|Any CPU
		{0656CDAA-5E9E-48B8-99B6-00CD626CB02F}.Release|Any CPU.Build.0 = Release|Any CPU
		{0656CDAA-5E9E-48B8-99B6-00CD626CB02F}.Release|x64.ActiveCfg = Release|Any CPU
		{0656CDAA-5E9E-48B8-99B6-00CD626CB02F}.Release|x64.Build.0 = Release|Any CPU
		{0656CDAA-5E9E-48B8-99B6-00CD626CB02F}.Release|x86.ActiveCfg = Release|Any CPU
		{0656CDAA-5E9E-48B8-99B6-00CD626CB02F}.Release|x86.Build.0 = Release|Any CPU
		{8670E41E-7495-4438-B463-E2F2A5042511}.Debug|Any CPU.ActiveCfg = Debug|Any CPU
		{8670E41E-7495-4438-B463-E2F2A5042511}.Debug|Any CPU.Build.0 = Debug|Any CPU
		{8670E41E-7495-4438-B463-E2F2A5042511}.Debug|x64.ActiveCfg = Debug|Any CPU
		{8670E41E-7495-4438-B463-E2F2A5042511}.Debug|x64.Build.0 = Debug|Any CPU
		{8670E41E-7495-4438-B463-E2F2A5042511}.Debug|x86.ActiveCfg = Debug|Any CPU
		{8670E41E-7495-4438-B463-E2F2A5042511}.Debug|x86.Build.0 = Debug|Any CPU
		{8670E41E-7495-4438-B463-E2F2A5042511}.Release|Any CPU.ActiveCfg = Release|Any CPU
		{8670E41E-7495-4438-B463-E2F2A5042511}.Release|Any CPU.Build.0 = Release|Any CPU
		{8670E41E-7495-4438-B463-E2F2A5042511}.Release|x64.ActiveCfg = Release|Any CPU
		{8670E41E-7495-4438-B463-E2F2A5042511}.Release|x64.Build.0 = Release|Any CPU
		{8670E41E-7495-4438-B463-E2F2A5042511}.Release|x86.ActiveCfg = Release|Any CPU
		{8670E41E-7495-4438-B463-E2F2A5042511}.Release|x86.Build.0 = Release|Any CPU
		{AFDD95FE-1497-42CD-B662-613F54D5ABD7}.Debug|Any CPU.ActiveCfg = Debug|Any CPU
		{AFDD95FE-1497-42CD-B662-613F54D5ABD7}.Debug|Any CPU.Build.0 = Debug|Any CPU
		{AFDD95FE-1497-42CD-B662-613F54D5ABD7}.Debug|x64.ActiveCfg = Debug|Any CPU
		{AFDD95FE-1497-42CD-B662-613F54D5ABD7}.Debug|x64.Build.0 = Debug|Any CPU
		{AFDD95FE-1497-42CD-B662-613F54D5ABD7}.Debug|x86.ActiveCfg = Debug|Any CPU
		{AFDD95FE-1497-42CD-B662-613F54D5ABD7}.Debug|x86.Build.0 = Debug|Any CPU
		{AFDD95FE-1497-42CD-B662-613F54D5ABD7}.Release|Any CPU.ActiveCfg = Release|Any CPU
		{AFDD95FE-1497-42CD-B662-613F54D5ABD7}.Release|Any CPU.Build.0 = Release|Any CPU
		{AFDD95FE-1497-42CD-B662-613F54D5ABD7}.Release|x64.ActiveCfg = Release|Any CPU
		{AFDD95FE-1497-42CD-B662-613F54D5ABD7}.Release|x64.Build.0 = Release|Any CPU
		{AFDD95FE-1497-42CD-B662-613F54D5ABD7}.Release|x86.ActiveCfg = Release|Any CPU
		{AFDD95FE-1497-42CD-B662-613F54D5ABD7}.Release|x86.Build.0 = Release|Any CPU
		{99899B22-A142-4805-B4E7-738934D23C85}.Debug|Any CPU.ActiveCfg = Debug|Any CPU
		{99899B22-A142-4805-B4E7-738934D23C85}.Debug|Any CPU.Build.0 = Debug|Any CPU
		{99899B22-A142-4805-B4E7-738934D23C85}.Debug|x64.ActiveCfg = Debug|Any CPU
		{99899B22-A142-4805-B4E7-738934D23C85}.Debug|x64.Build.0 = Debug|Any CPU
		{99899B22-A142-4805-B4E7-738934D23C85}.Debug|x86.ActiveCfg = Debug|Any CPU
		{99899B22-A142-4805-B4E7-738934D23C85}.Debug|x86.Build.0 = Debug|Any CPU
		{99899B22-A142-4805-B4E7-738934D23C85}.Release|Any CPU.ActiveCfg = Release|Any CPU
		{99899B22-A142-4805-B4E7-738934D23C85}.Release|Any CPU.Build.0 = Release|Any CPU
		{99899B22-A142-4805-B4E7-738934D23C85}.Release|x64.ActiveCfg = Release|Any CPU
		{99899B22-A142-4805-B4E7-738934D23C85}.Release|x64.Build.0 = Release|Any CPU
		{99899B22-A142-4805-B4E7-738934D23C85}.Release|x86.ActiveCfg = Release|Any CPU
		{99899B22-A142-4805-B4E7-738934D23C85}.Release|x86.Build.0 = Release|Any CPU
		{0280C4A5-A206-45C8-8BC5-CC5D5DDB3403}.Debug|Any CPU.ActiveCfg = Debug|Any CPU
		{0280C4A5-A206-45C8-8BC5-CC5D5DDB3403}.Debug|Any CPU.Build.0 = Debug|Any CPU
		{0280C4A5-A206-45C8-8BC5-CC5D5DDB3403}.Debug|x64.ActiveCfg = Debug|Any CPU
		{0280C4A5-A206-45C8-8BC5-CC5D5DDB3403}.Debug|x64.Build.0 = Debug|Any CPU
		{0280C4A5-A206-45C8-8BC5-CC5D5DDB3403}.Debug|x86.ActiveCfg = Debug|Any CPU
		{0280C4A5-A206-45C8-8BC5-CC5D5DDB3403}.Debug|x86.Build.0 = Debug|Any CPU
		{0280C4A5-A206-45C8-8BC5-CC5D5DDB3403}.Release|Any CPU.ActiveCfg = Release|Any CPU
		{0280C4A5-A206-45C8-8BC5-CC5D5DDB3403}.Release|Any CPU.Build.0 = Release|Any CPU
		{0280C4A5-A206-45C8-8BC5-CC5D5DDB3403}.Release|x64.ActiveCfg = Release|Any CPU
		{0280C4A5-A206-45C8-8BC5-CC5D5DDB3403}.Release|x64.Build.0 = Release|Any CPU
		{0280C4A5-A206-45C8-8BC5-CC5D5DDB3403}.Release|x86.ActiveCfg = Release|Any CPU
		{0280C4A5-A206-45C8-8BC5-CC5D5DDB3403}.Release|x86.Build.0 = Release|Any CPU
		{5C1A2071-373A-41B2-B66D-FFBE677F332C}.Debug|Any CPU.ActiveCfg = Debug|Any CPU
		{5C1A2071-373A-41B2-B66D-FFBE677F332C}.Debug|Any CPU.Build.0 = Debug|Any CPU
		{5C1A2071-373A-41B2-B66D-FFBE677F332C}.Debug|x64.ActiveCfg = Debug|Any CPU
		{5C1A2071-373A-41B2-B66D-FFBE677F332C}.Debug|x64.Build.0 = Debug|Any CPU
		{5C1A2071-373A-41B2-B66D-FFBE677F332C}.Debug|x86.ActiveCfg = Debug|Any CPU
		{5C1A2071-373A-41B2-B66D-FFBE677F332C}.Debug|x86.Build.0 = Debug|Any CPU
		{5C1A2071-373A-41B2-B66D-FFBE677F332C}.Release|Any CPU.ActiveCfg = Release|Any CPU
		{5C1A2071-373A-41B2-B66D-FFBE677F332C}.Release|Any CPU.Build.0 = Release|Any CPU
		{5C1A2071-373A-41B2-B66D-FFBE677F332C}.Release|x64.ActiveCfg = Release|Any CPU
		{5C1A2071-373A-41B2-B66D-FFBE677F332C}.Release|x64.Build.0 = Release|Any CPU
		{5C1A2071-373A-41B2-B66D-FFBE677F332C}.Release|x86.ActiveCfg = Release|Any CPU
		{5C1A2071-373A-41B2-B66D-FFBE677F332C}.Release|x86.Build.0 = Release|Any CPU
		{BF5DB78B-92B7-4141-9F2E-19BEE8A4C3B0}.Debug|Any CPU.ActiveCfg = Debug|Any CPU
		{BF5DB78B-92B7-4141-9F2E-19BEE8A4C3B0}.Debug|Any CPU.Build.0 = Debug|Any CPU
		{BF5DB78B-92B7-4141-9F2E-19BEE8A4C3B0}.Debug|x64.ActiveCfg = Debug|Any CPU
		{BF5DB78B-92B7-4141-9F2E-19BEE8A4C3B0}.Debug|x64.Build.0 = Debug|Any CPU
		{BF5DB78B-92B7-4141-9F2E-19BEE8A4C3B0}.Debug|x86.ActiveCfg = Debug|Any CPU
		{BF5DB78B-92B7-4141-9F2E-19BEE8A4C3B0}.Debug|x86.Build.0 = Debug|Any CPU
		{BF5DB78B-92B7-4141-9F2E-19BEE8A4C3B0}.Release|Any CPU.ActiveCfg = Release|Any CPU
		{BF5DB78B-92B7-4141-9F2E-19BEE8A4C3B0}.Release|Any CPU.Build.0 = Release|Any CPU
		{BF5DB78B-92B7-4141-9F2E-19BEE8A4C3B0}.Release|x64.ActiveCfg = Release|Any CPU
		{BF5DB78B-92B7-4141-9F2E-19BEE8A4C3B0}.Release|x64.Build.0 = Release|Any CPU
		{BF5DB78B-92B7-4141-9F2E-19BEE8A4C3B0}.Release|x86.ActiveCfg = Release|Any CPU
		{BF5DB78B-92B7-4141-9F2E-19BEE8A4C3B0}.Release|x86.Build.0 = Release|Any CPU
		{3BEF1F9B-4436-4F71-89D9-B7DC81213C84}.Debug|Any CPU.ActiveCfg = Debug|Any CPU
		{3BEF1F9B-4436-4F71-89D9-B7DC81213C84}.Debug|Any CPU.Build.0 = Debug|Any CPU
		{3BEF1F9B-4436-4F71-89D9-B7DC81213C84}.Debug|x64.ActiveCfg = Debug|Any CPU
		{3BEF1F9B-4436-4F71-89D9-B7DC81213C84}.Debug|x64.Build.0 = Debug|Any CPU
		{3BEF1F9B-4436-4F71-89D9-B7DC81213C84}.Debug|x86.ActiveCfg = Debug|Any CPU
		{3BEF1F9B-4436-4F71-89D9-B7DC81213C84}.Debug|x86.Build.0 = Debug|Any CPU
		{3BEF1F9B-4436-4F71-89D9-B7DC81213C84}.Release|Any CPU.ActiveCfg = Release|Any CPU
		{3BEF1F9B-4436-4F71-89D9-B7DC81213C84}.Release|Any CPU.Build.0 = Release|Any CPU
		{3BEF1F9B-4436-4F71-89D9-B7DC81213C84}.Release|x64.ActiveCfg = Release|Any CPU
		{3BEF1F9B-4436-4F71-89D9-B7DC81213C84}.Release|x64.Build.0 = Release|Any CPU
		{3BEF1F9B-4436-4F71-89D9-B7DC81213C84}.Release|x86.ActiveCfg = Release|Any CPU
		{3BEF1F9B-4436-4F71-89D9-B7DC81213C84}.Release|x86.Build.0 = Release|Any CPU
	EndGlobalSection
	GlobalSection(SolutionProperties) = preSolution
		HideSolutionNode = FALSE
	EndGlobalSection
	GlobalSection(NestedProjects) = preSolution
		{E3484D93-4E38-4437-92CA-32FD069BF06E} = {827E0CD3-B72D-47B6-A68D-7590B98EB39B}
		{EF0E0B0C-0C21-4CE1-8C68-F21DB22B5371} = {827E0CD3-B72D-47B6-A68D-7590B98EB39B}
		{6F3FF720-FD58-4D12-8588-B66D3877B963} = {827E0CD3-B72D-47B6-A68D-7590B98EB39B}
		{0656CDAA-5E9E-48B8-99B6-00CD626CB02F} = {827E0CD3-B72D-47B6-A68D-7590B98EB39B}
		{8670E41E-7495-4438-B463-E2F2A5042511} = {827E0CD3-B72D-47B6-A68D-7590B98EB39B}
		{AFDD95FE-1497-42CD-B662-613F54D5ABD7} = {827E0CD3-B72D-47B6-A68D-7590B98EB39B}
		{99899B22-A142-4805-B4E7-738934D23C85} = {827E0CD3-B72D-47B6-A68D-7590B98EB39B}
		{0280C4A5-A206-45C8-8BC5-CC5D5DDB3403} = {827E0CD3-B72D-47B6-A68D-7590B98EB39B}
		{5C1A2071-373A-41B2-B66D-FFBE677F332C} = {827E0CD3-B72D-47B6-A68D-7590B98EB39B}
		{BF5DB78B-92B7-4141-9F2E-19BEE8A4C3B0} = {827E0CD3-B72D-47B6-A68D-7590B98EB39B}
		{3BEF1F9B-4436-4F71-89D9-B7DC81213C84} = {827E0CD3-B72D-47B6-A68D-7590B98EB39B}
	EndGlobalSection
EndGlobal
